// !$*UTF8*$!
{
	archiveVersion = 1;
	classes = {
	};
	objectVersion = 50;
	objects = {

/* Begin PBXBuildFile section */
		3BCEAA6A24C154BC00176577 /* AppDelegate.swift in Sources */ = {isa = PBXBuildFile; fileRef = 3BCEAA6924C154BC00176577 /* AppDelegate.swift */; };
		3BCEAA6C24C154BC00176577 /* SceneDelegate.swift in Sources */ = {isa = PBXBuildFile; fileRef = 3BCEAA6B24C154BC00176577 /* SceneDelegate.swift */; };
		3BCEAA6E24C154BC00176577 /* ContentView.swift in Sources */ = {isa = PBXBuildFile; fileRef = 3BCEAA6D24C154BC00176577 /* ContentView.swift */; };
		3BCEAA7024C154C200176577 /* Assets.xcassets in Resources */ = {isa = PBXBuildFile; fileRef = 3BCEAA6F24C154C200176577 /* Assets.xcassets */; };
		3BCEAA7324C154C200176577 /* Preview Assets.xcassets in Resources */ = {isa = PBXBuildFile; fileRef = 3BCEAA7224C154C200176577 /* Preview Assets.xcassets */; };
		3BCEAA7624C154C200176577 /* LaunchScreen.storyboard in Resources */ = {isa = PBXBuildFile; fileRef = 3BCEAA7424C154C200176577 /* LaunchScreen.storyboard */; };
/* End PBXBuildFile section */

/* Begin PBXFileReference section */
		3BCEAA6624C154BC00176577 /* TimingCurves.app */ = {isa = PBXFileReference; explicitFileType = wrapper.application; includeInIndex = 0; path = TimingCurves.app; sourceTree = BUILT_PRODUCTS_DIR; };
		3BCEAA6924C154BC00176577 /* AppDelegate.swift */ = {isa = PBXFileReference; lastKnownFileType = sourcecode.swift; path = AppDelegate.swift; sourceTree = "<group>"; };
		3BCEAA6B24C154BC00176577 /* SceneDelegate.swift */ = {isa = PBXFileReference; lastKnownFileType = sourcecode.swift; path = SceneDelegate.swift; sourceTree = "<group>"; };
		3BCEAA6D24C154BC00176577 /* ContentView.swift */ = {isa = PBXFileReference; lastKnownFileType = sourcecode.swift; path = ContentView.swift; sourceTree = "<group>"; };
		3BCEAA6F24C154C200176577 /* Assets.xcassets */ = {isa = PBXFileReference; lastKnownFileType = folder.assetcatalog; path = Assets.xcassets; sourceTree = "<group>"; };
		3BCEAA7224C154C200176577 /* Preview Assets.xcassets */ = {isa = PBXFileReference; lastKnownFileType = folder.assetcatalog; path = "Preview Assets.xcassets"; sourceTree = "<group>"; };
		3BCEAA7524C154C200176577 /* Base */ = {isa = PBXFileReference; lastKnownFileType = file.storyboard; name = Base; path = Base.lproj/LaunchScreen.storyboard; sourceTree = "<group>"; };
		3BCEAA7724C154C200176577 /* Info.plist */ = {isa = PBXFileReference; lastKnownFileType = text.plist.xml; path = Info.plist; sourceTree = "<group>"; };
/* End PBXFileReference section */

/* Begin PBXFrameworksBuildPhase section */
		3BCEAA6324C154BC00176577 /* Frameworks */ = {
			isa = PBXFrameworksBuildPhase;
			buildActionMask = 2147483647;
			files = (
			);
			runOnlyForDeploymentPostprocessing = 0;
		};
/* End PBXFrameworksBuildPhase section */

/* Begin PBXGroup section */
		3BCEAA5D24C154BC00176577 = {
			isa = PBXGroup;
			children = (
				3BCEAA6824C154BC00176577 /* TimingCurves */,
				3BCEAA6724C154BC00176577 /* Products */,
			);
			sourceTree = "<group>";
		};
		3BCEAA6724C154BC00176577 /* Products */ = {
			isa = PBXGroup;
			children = (
				3BCEAA6624C154BC00176577 /* TimingCurves.app */,
			);
			name = Products;
			sourceTree = "<group>";
		};
		3BCEAA6824C154BC00176577 /* TimingCurves */ = {
			isa = PBXGroup;
			children = (
				3BCEAA6924C154BC00176577 /* AppDelegate.swift */,
				3BCEAA6B24C154BC00176577 /* SceneDelegate.swift */,
				3BCEAA6D24C154BC00176577 /* ContentView.swift */,
				3BCEAA6F24C154C200176577 /* Assets.xcassets */,
				3BCEAA7424C154C200176577 /* LaunchScreen.storyboard */,
				3BCEAA7724C154C200176577 /* Info.plist */,
				3BCEAA7124C154C200176577 /* Preview Content */,
			);
			path = TimingCurves;
			sourceTree = "<group>";
		};
		3BCEAA7124C154C200176577 /* Preview Content */ = {
			isa = PBXGroup;
			children = (
				3BCEAA7224C154C200176577 /* Preview Assets.xcassets */,
			);
			path = "Preview Content";
			sourceTree = "<group>";
		};
/* End PBXGroup section */

/* Begin PBXNativeTarget section */
		3BCEAA6524C154BC00176577 /* TimingCurves */ = {
			isa = PBXNativeTarget;
			buildConfigurationList = 3BCEAA7A24C154C200176577 /* Build configuration list for PBXNativeTarget "TimingCurves" */;
			buildPhases = (
				3BCEAA6224C154BC00176577 /* Sources */,
				3BCEAA6324C154BC00176577 /* Frameworks */,
				3BCEAA6424C154BC00176577 /* Resources */,
			);
			buildRules = (
			);
			dependencies = (
			);
			name = TimingCurves;
			productName = TimingCurves;
			productReference = 3BCEAA6624C154BC00176577 /* TimingCurves.app */;
			productType = "com.apple.product-type.application";
		};
/* End PBXNativeTarget section */

/* Begin PBXProject section */
		3BCEAA5E24C154BC00176577 /* Project object */ = {
			isa = PBXProject;
			attributes = {
				LastSwiftUpdateCheck = 1160;
				LastUpgradeCheck = 1160;
				ORGANIZATIONNAME = wtruppel;
				TargetAttributes = {
					3BCEAA6524C154BC00176577 = {
						CreatedOnToolsVersion = 11.6;
					};
				};
			};
			buildConfigurationList = 3BCEAA6124C154BC00176577 /* Build configuration list for PBXProject "TimingCurves" */;
			compatibilityVersion = "Xcode 9.3";
			developmentRegion = en;
			hasScannedForEncodings = 0;
			knownRegions = (
				en,
				Base,
			);
			mainGroup = 3BCEAA5D24C154BC00176577;
			productRefGroup = 3BCEAA6724C154BC00176577 /* Products */;
			projectDirPath = "";
			projectRoot = "";
			targets = (
				3BCEAA6524C154BC00176577 /* TimingCurves */,
			);
		};
/* End PBXProject section */

/* Begin PBXResourcesBuildPhase section */
		3BCEAA6424C154BC00176577 /* Resources */ = {
			isa = PBXResourcesBuildPhase;
			buildActionMask = 2147483647;
			files = (
				3BCEAA7624C154C200176577 /* LaunchScreen.storyboard in Resources */,
				3BCEAA7324C154C200176577 /* Preview Assets.xcassets in Resources */,
				3BCEAA7024C154C200176577 /* Assets.xcassets in Resources */,
			);
			runOnlyForDeploymentPostprocessing = 0;
		};
/* End PBXResourcesBuildPhase section */

/* Begin PBXSourcesBuildPhase section */
		3BCEAA6224C154BC00176577 /* Sources */ = {
			isa = PBXSourcesBuildPhase;
			buildActionMask = 2147483647;
			files = (
				3BCEAA6A24C154BC00176577 /* AppDelegate.swift in Sources */,
				3BCEAA6C24C154BC00176577 /* SceneDelegate.swift in Sources */,
				3BCEAA6E24C154BC00176577 /* ContentView.swift in Sources */,
			);
			runOnlyForDeploymentPostprocessing = 0;
		};
/* End PBXSourcesBuildPhase section */

/* Begin PBXVariantGroup section */
		3BCEAA7424C154C200176577 /* LaunchScreen.storyboard */ = {
			isa = PBXVariantGroup;
			children = (
				3BCEAA7524C154C200176577 /* Base */,
			);
			name = LaunchScreen.storyboard;
			sourceTree = "<group>";
		};
/* End PBXVariantGroup section */

/* Begin XCBuildConfiguration section */
		3BCEAA7824C154C200176577 /* Debug */ = {
			isa = XCBuildConfiguration;
			buildSettings = {
				ALWAYS_SEARCH_USER_PATHS = NO;
				CLANG_ANALYZER_NONNULL = YES;
				CLANG_ANALYZER_NUMBER_OBJECT_CONVERSION = YES_AGGRESSIVE;
				CLANG_CXX_LANGUAGE_STANDARD = "gnu++14";
				CLANG_CXX_LIBRARY = "libc++";
				CLANG_ENABLE_MODULES = YES;
				CLANG_ENABLE_OBJC_ARC = YES;
				CLANG_ENABLE_OBJC_WEAK = YES;
				CLANG_WARN_BLOCK_CAPTURE_AUTORELEASING = YES;
				CLANG_WARN_BOOL_CONVERSION = YES;
				CLANG_WARN_COMMA = YES;
				CLANG_WARN_CONSTANT_CONVERSION = YES;
				CLANG_WARN_DEPRECATED_OBJC_IMPLEMENTATIONS = YES;
				CLANG_WARN_DIRECT_OBJC_ISA_USAGE = YES_ERROR;
				CLANG_WARN_DOCUMENTATION_COMMENTS = YES;
				CLANG_WARN_EMPTY_BODY = YES;
				CLANG_WARN_ENUM_CONVERSION = YES;
				CLANG_WARN_INFINITE_RECURSION = YES;
				CLANG_WARN_INT_CONVERSION = YES;
				CLANG_WARN_NON_LITERAL_NULL_CONVERSION = YES;
				CLANG_WARN_OBJC_IMPLICIT_RETAIN_SELF = YES;
				CLANG_WARN_OBJC_LITERAL_CONVERSION = YES;
				CLANG_WARN_OBJC_ROOT_CLASS = YES_ERROR;
				CLANG_WARN_RANGE_LOOP_ANALYSIS = YES;
				CLANG_WARN_STRICT_PROTOTYPES = YES;
				CLANG_WARN_SUSPICIOUS_MOVE = YES;
				CLANG_WARN_UNGUARDED_AVAILABILITY = YES_AGGRESSIVE;
				CLANG_WARN_UNREACHABLE_CODE = YES;
				CLANG_WARN__DUPLICATE_METHOD_MATCH = YES;
				COPY_PHASE_STRIP = NO;
				DEBUG_INFORMATION_FORMAT = dwarf;
				ENABLE_STRICT_OBJC_MSGSEND = YES;
				ENABLE_TESTABILITY = YES;
				GCC_C_LANGUAGE_STANDARD = gnu11;
				GCC_DYNAMIC_NO_PIC = NO;
				GCC_NO_COMMON_BLOCKS = YES;
				GCC_OPTIMIZATION_LEVEL = 0;
				GCC_PREPROCESSOR_DEFINITIONS = (
					"DEBUG=1",
					"$(inherited)",
				);
				GCC_WARN_64_TO_32_BIT_CONVERSION = YES;
				GCC_WARN_ABOUT_RETURN_TYPE = YES_ERROR;
				GCC_WARN_UNDECLARED_SELECTOR = YES;
				GCC_WARN_UNINITIALIZED_AUTOS = YES_AGGRESSIVE;
				GCC_WARN_UNUSED_FUNCTION = YES;
				GCC_WARN_UNUSED_VARIABLE = YES;
				IPHONEOS_DEPLOYMENT_TARGET = 13.6;
				MTL_ENABLE_DEBUG_INFO = INCLUDE_SOURCE;
				MTL_FAST_MATH = YES;
				ONLY_ACTIVE_ARCH = YES;
				SDKROOT = iphoneos;
				SWIFT_ACTIVE_COMPILATION_CONDITIONS = DEBUG;
				SWIFT_OPTIMIZATION_LEVEL = "-Onone";
			};
			name = Debug;
		};
		3BCEAA7924C154C200176577 /* Release */ = {
			isa = XCBuildConfiguration;
			buildSettings = {
				ALWAYS_SEARCH_USER_PATHS = NO;
				CLANG_ANALYZER_NONNULL = YES;
				CLANG_ANALYZER_NUMBER_OBJECT_CONVERSION = YES_AGGRESSIVE;
				CLANG_CXX_LANGUAGE_STANDARD = "gnu++14";
				CLANG_CXX_LIBRARY = "libc++";
				CLANG_ENABLE_MODULES = YES;
				CLANG_ENABLE_OBJC_ARC = YES;
				CLANG_ENABLE_OBJC_WEAK = YES;
				CLANG_WARN_BLOCK_CAPTURE_AUTORELEASING = YES;
				CLANG_WARN_BOOL_CONVERSION = YES;
				CLANG_WARN_COMMA = YES;
				CLANG_WARN_CONSTANT_CONVERSION = YES;
				CLANG_WARN_DEPRECATED_OBJC_IMPLEMENTATIONS = YES;
				CLANG_WARN_DIRECT_OBJC_ISA_USAGE = YES_ERROR;
				CLANG_WARN_DOCUMENTATION_COMMENTS = YES;
				CLANG_WARN_EMPTY_BODY = YES;
				CLANG_WARN_ENUM_CONVERSION = YES;
				CLANG_WARN_INFINITE_RECURSION = YES;
				CLANG_WARN_INT_CONVERSION = YES;
				CLANG_WARN_NON_LITERAL_NULL_CONVERSION = YES;
				CLANG_WARN_OBJC_IMPLICIT_RETAIN_SELF = YES;
				CLANG_WARN_OBJC_LITERAL_CONVERSION = YES;
				CLANG_WARN_OBJC_ROOT_CLASS = YES_ERROR;
				CLANG_WARN_RANGE_LOOP_ANALYSIS = YES;
				CLANG_WARN_STRICT_PROTOTYPES = YES;
				CLANG_WARN_SUSPICIOUS_MOVE = YES;
				CLANG_WARN_UNGUARDED_AVAILABILITY = YES_AGGRESSIVE;
				CLANG_WARN_UNREACHABLE_CODE = YES;
				CLANG_WARN__DUPLICATE_METHOD_MATCH = YES;
				COPY_PHASE_STRIP = NO;
				DEBUG_INFORMATION_FORMAT = "dwarf-with-dsym";
				ENABLE_NS_ASSERTIONS = NO;
				ENABLE_STRICT_OBJC_MSGSEND = YES;
				GCC_C_LANGUAGE_STANDARD = gnu11;
				GCC_NO_COMMON_BLOCKS = YES;
				GCC_WARN_64_TO_32_BIT_CONVERSION = YES;
				GCC_WARN_ABOUT_RETURN_TYPE = YES_ERROR;
				GCC_WARN_UNDECLARED_SELECTOR = YES;
				GCC_WARN_UNINITIALIZED_AUTOS = YES_AGGRESSIVE;
				GCC_WARN_UNUSED_FUNCTION = YES;
				GCC_WARN_UNUSED_VARIABLE = YES;
				IPHONEOS_DEPLOYMENT_TARGET = 13.6;
				MTL_ENABLE_DEBUG_INFO = NO;
				MTL_FAST_MATH = YES;
				SDKROOT = iphoneos;
				SWIFT_COMPILATION_MODE = wholemodule;
				SWIFT_OPTIMIZATION_LEVEL = "-O";
				VALIDATE_PRODUCT = YES;
			};
			name = Release;
		};
		3BCEAA7B24C154C200176577 /* Debug */ = {
			isa = XCBuildConfiguration;
			buildSettings = {
				ASSETCATALOG_COMPILER_APPICON_NAME = AppIcon;
				CODE_SIGN_STYLE = Automatic;
				DEVELOPMENT_ASSET_PATHS = "\"TimingCurves/Preview Content\"";
				DEVELOPMENT_TEAM = TK5G2RYR3R;
				ENABLE_PREVIEWS = YES;
				INFOPLIST_FILE = TimingCurves/Info.plist;
				LD_RUNPATH_SEARCH_PATHS = (
					"$(inherited)",
					"@executable_path/Frameworks",
				);
				PRODUCT_BUNDLE_IDENTIFIER = com.restlessbrain.wtruppel.TimingCurves;
				PRODUCT_NAME = "$(TARGET_NAME)";
				SWIFT_VERSION = 5.0;
				TARGETED_DEVICE_FAMILY = "1,2";
			};
			name = Debug;
		};
		3BCEAA7C24C154C200176577 /* Release */ = {
			isa = XCBuildConfiguration;
			buildSettings = {
				ASSETCATALOG_COMPILER_APPICON_NAME = AppIcon;
				CODE_SIGN_STYLE = Automatic;
				DEVELOPMENT_ASSET_PATHS = "\"TimingCurves/Preview Content\"";
				DEVELOPMENT_TEAM = TK5G2RYR3R;
				ENABLE_PREVIEWS = YES;
				INFOPLIST_FILE = TimingCurves/Info.plist;
				LD_RUNPATH_SEARCH_PATHS = (
					"$(inherited)",
					"@executable_path/Frameworks",
				);
				PRODUCT_BUNDLE_IDENTIFIER = com.restlessbrain.wtruppel.TimingCurves;
				PRODUCT_NAME = "$(TARGET_NAME)";
				SWIFT_VERSION = 5.0;
				TARGETED_DEVICE_FAMILY = "1,2";
			};
			name = Release;
		};
/* End XCBuildConfiguration section */

/* Begin XCConfigurationList section */
		3BCEAA6124C154BC00176577 /* Build configuration list for PBXProject "TimingCurves" */ = {
			isa = XCConfigurationList;
			buildConfigurations = (
				3BCEAA7824C154C200176577 /* Debug */,
				3BCEAA7924C154C200176577 /* Release */,
			);
			defaultConfigurationIsVisible = 0;
			defaultConfigurationName = Release;
		};
		3BCEAA7A24C154C200176577 /* Build configuration list for PBXNativeTarget "TimingCurves" */ = {
			isa = XCConfigurationList;
			buildConfigurations = (
				3BCEAA7B24C154C200176577 /* Debug */,
				3BCEAA7C24C154C200176577 /* Release */,
			);
			defaultConfigurationIsVisible = 0;
			defaultConfigurationName = Release;
		};
/* End XCConfigurationList section */
	};
	rootObject = 3BCEAA5E24C154BC00176577 /* Project object */;
}
